
Microsoft Visual Studio Solution File, Format Version 12.00
# Visual Studio 14
VisualStudioVersion = 14.0.25420.1
MinimumVisualStudioVersion = 10.0.40219.1
Project("{FAE04EC0-301F-11D3-BF4B-00C04F79EFBC}") = "XamarinMobileAppPush.Droid", "XamarinMobileAppPush\XamarinMobileAppPush.Droid\XamarinMobileAppPush.Droid.csproj", "{54C3E532-3AB7-4306-8111-7A8549511A36}"
EndProject
Project("{FAE04EC0-301F-11D3-BF4B-00C04F79EFBC}") = "XamarinMobileAppPush.iOS", "XamarinMobileAppPush\XamarinMobileAppPush.iOS\XamarinMobileAppPush.iOS.csproj", "{B91C56AC-3726-4840-A6F1-35BC5D2273C1}"
EndProject
Project("{FAE04EC0-301F-11D3-BF4B-00C04F79EFBC}") = "XamarinMobileAppPush.WinPhone", "XamarinMobileAppPush\XamarinMobileAppPush.WinPhone\XamarinMobileAppPush.WinPhone.csproj", "{079D12AA-F361-4990-BFDB-E1A9A897A367}"
EndProject
Project("{FAE04EC0-301F-11D3-BF4B-00C04F79EFBC}") = "XamarinMobileAppPush.UWP", "XamarinMobileAppPush\XamarinMobileAppPush.UWP\XamarinMobileAppPush.UWP.csproj", "{E014AE52-F0A6-4C0F-8AA1-8058613FF9DF}"
EndProject
Project("{FAE04EC0-301F-11D3-BF4B-00C04F79EFBC}") = "XamarinMobileAppPush.Windows", "XamarinMobileAppPush\XamarinMobileAppPush.Windows\XamarinMobileAppPush.Windows.csproj", "{EC24D166-DBD8-47FA-A355-F419D7F4231B}"
EndProject
Project("{FAE04EC0-301F-11D3-BF4B-00C04F79EFBC}") = "XamarinMobileAppPush", "XamarinMobileAppPush\XamarinMobileAppPush\XamarinMobileAppPush.csproj", "{00FA9AC9-61DA-4DBF-B9A4-C751025D45F6}"
EndProject
Global
	GlobalSection(SolutionConfigurationPlatforms) = preSolution
		Ad-Hoc|Any CPU = Ad-Hoc|Any CPU
		Ad-Hoc|ARM = Ad-Hoc|ARM
		Ad-Hoc|iPhone = Ad-Hoc|iPhone
		Ad-Hoc|iPhoneSimulator = Ad-Hoc|iPhoneSimulator
		Ad-Hoc|x64 = Ad-Hoc|x64
		Ad-Hoc|x86 = Ad-Hoc|x86
		AppStore|Any CPU = AppStore|Any CPU
		AppStore|ARM = AppStore|ARM
		AppStore|iPhone = AppStore|iPhone
		AppStore|iPhoneSimulator = AppStore|iPhoneSimulator
		AppStore|x64 = AppStore|x64
		AppStore|x86 = AppStore|x86
		Debug|Any CPU = Debug|Any CPU
		Debug|ARM = Debug|ARM
		Debug|iPhone = Debug|iPhone
		Debug|iPhoneSimulator = Debug|iPhoneSimulator
		Debug|x64 = Debug|x64
		Debug|x86 = Debug|x86
		Release|Any CPU = Release|Any CPU
		Release|ARM = Release|ARM
		Release|iPhone = Release|iPhone
		Release|iPhoneSimulator = Release|iPhoneSimulator
		Release|x64 = Release|x64
		Release|x86 = Release|x86
	EndGlobalSection
	GlobalSection(ProjectConfigurationPlatforms) = postSolution
		{54C3E532-3AB7-4306-8111-7A8549511A36}.Ad-Hoc|Any CPU.ActiveCfg = Release|Any CPU
		{54C3E532-3AB7-4306-8111-7A8549511A36}.Ad-Hoc|Any CPU.Build.0 = Release|Any CPU
		{54C3E532-3AB7-4306-8111-7A8549511A36}.Ad-Hoc|Any CPU.Deploy.0 = Release|Any CPU
		{54C3E532-3AB7-4306-8111-7A8549511A36}.Ad-Hoc|ARM.ActiveCfg = Release|Any CPU
		{54C3E532-3AB7-4306-8111-7A8549511A36}.Ad-Hoc|ARM.Build.0 = Release|Any CPU
		{54C3E532-3AB7-4306-8111-7A8549511A36}.Ad-Hoc|ARM.Deploy.0 = Release|Any CPU
		{54C3E532-3AB7-4306-8111-7A8549511A36}.Ad-Hoc|iPhone.ActiveCfg = Release|Any CPU
		{54C3E532-3AB7-4306-8111-7A8549511A36}.Ad-Hoc|iPhone.Build.0 = Release|Any CPU
		{54C3E532-3AB7-4306-8111-7A8549511A36}.Ad-Hoc|iPhone.Deploy.0 = Release|Any CPU
		{54C3E532-3AB7-4306-8111-7A8549511A36}.Ad-Hoc|iPhoneSimulator.ActiveCfg = Release|Any CPU
		{54C3E532-3AB7-4306-8111-7A8549511A36}.Ad-Hoc|iPhoneSimulator.Build.0 = Release|Any CPU
		{54C3E532-3AB7-4306-8111-7A8549511A36}.Ad-Hoc|iPhoneSimulator.Deploy.0 = Release|Any CPU
		{54C3E532-3AB7-4306-8111-7A8549511A36}.Ad-Hoc|x64.ActiveCfg = Release|Any CPU
		{54C3E532-3AB7-4306-8111-7A8549511A36}.Ad-Hoc|x64.Build.0 = Release|Any CPU
		{54C3E532-3AB7-4306-8111-7A8549511A36}.Ad-Hoc|x64.Deploy.0 = Release|Any CPU
		{54C3E532-3AB7-4306-8111-7A8549511A36}.Ad-Hoc|x86.ActiveCfg = Release|Any CPU
		{54C3E532-3AB7-4306-8111-7A8549511A36}.Ad-Hoc|x86.Build.0 = Release|Any CPU
		{54C3E532-3AB7-4306-8111-7A8549511A36}.Ad-Hoc|x86.Deploy.0 = Release|Any CPU
		{54C3E532-3AB7-4306-8111-7A8549511A36}.AppStore|Any CPU.ActiveCfg = Release|Any CPU
		{54C3E532-3AB7-4306-8111-7A8549511A36}.AppStore|Any CPU.Build.0 = Release|Any CPU
		{54C3E532-3AB7-4306-8111-7A8549511A36}.AppStore|Any CPU.Deploy.0 = Release|Any CPU
		{54C3E532-3AB7-4306-8111-7A8549511A36}.AppStore|ARM.ActiveCfg = Release|Any CPU
		{54C3E532-3AB7-4306-8111-7A8549511A36}.AppStore|ARM.Build.0 = Release|Any CPU
		{54C3E532-3AB7-4306-8111-7A8549511A36}.AppStore|ARM.Deploy.0 = Release|Any CPU
		{54C3E532-3AB7-4306-8111-7A8549511A36}.AppStore|iPhone.ActiveCfg = Release|Any CPU
		{54C3E532-3AB7-4306-8111-7A8549511A36}.AppStore|iPhone.Build.0 = Release|Any CPU
		{54C3E532-3AB7-4306-8111-7A8549511A36}.AppStore|iPhone.Deploy.0 = Release|Any CPU
		{54C3E532-3AB7-4306-8111-7A8549511A36}.AppStore|iPhoneSimulator.ActiveCfg = Release|Any CPU
		{54C3E532-3AB7-4306-8111-7A8549511A36}.AppStore|iPhoneSimulator.Build.0 = Release|Any CPU
		{54C3E532-3AB7-4306-8111-7A8549511A36}.AppStore|iPhoneSimulator.Deploy.0 = Release|Any CPU
		{54C3E532-3AB7-4306-8111-7A8549511A36}.AppStore|x64.ActiveCfg = Release|Any CPU
		{54C3E532-3AB7-4306-8111-7A8549511A36}.AppStore|x64.Build.0 = Release|Any CPU
		{54C3E532-3AB7-4306-8111-7A8549511A36}.AppStore|x64.Deploy.0 = Release|Any CPU
		{54C3E532-3AB7-4306-8111-7A8549511A36}.AppStore|x86.ActiveCfg = Release|Any CPU
		{54C3E532-3AB7-4306-8111-7A8549511A36}.AppStore|x86.Build.0 = Release|Any CPU
		{54C3E532-3AB7-4306-8111-7A8549511A36}.AppStore|x86.Deploy.0 = Release|Any CPU
		{54C3E532-3AB7-4306-8111-7A8549511A36}.Debug|Any CPU.ActiveCfg = Debug|Any CPU
		{54C3E532-3AB7-4306-8111-7A8549511A36}.Debug|Any CPU.Build.0 = Debug|Any CPU
		{54C3E532-3AB7-4306-8111-7A8549511A36}.Debug|Any CPU.Deploy.0 = Debug|Any CPU
		{54C3E532-3AB7-4306-8111-7A8549511A36}.Debug|ARM.ActiveCfg = Debug|Any CPU
		{54C3E532-3AB7-4306-8111-7A8549511A36}.Debug|ARM.Build.0 = Debug|Any CPU
		{54C3E532-3AB7-4306-8111-7A8549511A36}.Debug|ARM.Deploy.0 = Debug|Any CPU
		{54C3E532-3AB7-4306-8111-7A8549511A36}.Debug|iPhone.ActiveCfg = Debug|Any CPU
		{54C3E532-3AB7-4306-8111-7A8549511A36}.Debug|iPhone.Build.0 = Debug|Any CPU
		{54C3E532-3AB7-4306-8111-7A8549511A36}.Debug|iPhone.Deploy.0 = Debug|Any CPU
		{54C3E532-3AB7-4306-8111-7A8549511A36}.Debug|iPhoneSimulator.ActiveCfg = Debug|Any CPU
		{54C3E532-3AB7-4306-8111-7A8549511A36}.Debug|iPhoneSimulator.Build.0 = Debug|Any CPU
		{54C3E532-3AB7-4306-8111-7A8549511A36}.Debug|iPhoneSimulator.Deploy.0 = Debug|Any CPU
		{54C3E532-3AB7-4306-8111-7A8549511A36}.Debug|x64.ActiveCfg = Debug|Any CPU
		{54C3E532-3AB7-4306-8111-7A8549511A36}.Debug|x64.Build.0 = Debug|Any CPU
		{54C3E532-3AB7-4306-8111-7A8549511A36}.Debug|x64.Deploy.0 = Debug|Any CPU
		{54C3E532-3AB7-4306-8111-7A8549511A36}.Debug|x86.ActiveCfg = Debug|Any CPU
		{54C3E532-3AB7-4306-8111-7A8549511A36}.Debug|x86.Build.0 = Debug|Any CPU
		{54C3E532-3AB7-4306-8111-7A8549511A36}.Debug|x86.Deploy.0 = Debug|Any CPU
		{54C3E532-3AB7-4306-8111-7A8549511A36}.Release|Any CPU.ActiveCfg = Release|Any CPU
		{54C3E532-3AB7-4306-8111-7A8549511A36}.Release|Any CPU.Build.0 = Release|Any CPU
		{54C3E532-3AB7-4306-8111-7A8549511A36}.Release|Any CPU.Deploy.0 = Release|Any CPU
		{54C3E532-3AB7-4306-8111-7A8549511A36}.Release|ARM.ActiveCfg = Release|Any CPU
		{54C3E532-3AB7-4306-8111-7A8549511A36}.Release|ARM.Build.0 = Release|Any CPU
		{54C3E532-3AB7-4306-8111-7A8549511A36}.Release|ARM.Deploy.0 = Release|Any CPU
		{54C3E532-3AB7-4306-8111-7A8549511A36}.Release|iPhone.ActiveCfg = Release|Any CPU
		{54C3E532-3AB7-4306-8111-7A8549511A36}.Release|iPhone.Build.0 = Release|Any CPU
		{54C3E532-3AB7-4306-8111-7A8549511A36}.Release|iPhone.Deploy.0 = Release|Any CPU
		{54C3E532-3AB7-4306-8111-7A8549511A36}.Release|iPhoneSimulator.ActiveCfg = Release|Any CPU
		{54C3E532-3AB7-4306-8111-7A8549511A36}.Release|iPhoneSimulator.Build.0 = Release|Any CPU
		{54C3E532-3AB7-4306-8111-7A8549511A36}.Release|iPhoneSimulator.Deploy.0 = Release|Any CPU
		{54C3E532-3AB7-4306-8111-7A8549511A36}.Release|x64.ActiveCfg = Release|Any CPU
		{54C3E532-3AB7-4306-8111-7A8549511A36}.Release|x64.Build.0 = Release|Any CPU
		{54C3E532-3AB7-4306-8111-7A8549511A36}.Release|x64.Deploy.0 = Release|Any CPU
		{54C3E532-3AB7-4306-8111-7A8549511A36}.Release|x86.ActiveCfg = Release|Any CPU
		{54C3E532-3AB7-4306-8111-7A8549511A36}.Release|x86.Build.0 = Release|Any CPU
		{54C3E532-3AB7-4306-8111-7A8549511A36}.Release|x86.Deploy.0 = Release|Any CPU
		{B91C56AC-3726-4840-A6F1-35BC5D2273C1}.Ad-Hoc|Any CPU.ActiveCfg = Ad-Hoc|iPhone
		{B91C56AC-3726-4840-A6F1-35BC5D2273C1}.Ad-Hoc|ARM.ActiveCfg = Ad-Hoc|iPhone
		{B91C56AC-3726-4840-A6F1-35BC5D2273C1}.Ad-Hoc|iPhone.ActiveCfg = Ad-Hoc|iPhone
		{B91C56AC-3726-4840-A6F1-35BC5D2273C1}.Ad-Hoc|iPhone.Build.0 = Ad-Hoc|iPhone
		{B91C56AC-3726-4840-A6F1-35BC5D2273C1}.Ad-Hoc|iPhoneSimulator.ActiveCfg = Ad-Hoc|iPhoneSimulator
		{B91C56AC-3726-4840-A6F1-35BC5D2273C1}.Ad-Hoc|iPhoneSimulator.Build.0 = Ad-Hoc|iPhoneSimulator
		{B91C56AC-3726-4840-A6F1-35BC5D2273C1}.Ad-Hoc|x64.ActiveCfg = Ad-Hoc|iPhone
		{B91C56AC-3726-4840-A6F1-35BC5D2273C1}.Ad-Hoc|x86.ActiveCfg = Ad-Hoc|iPhone
		{B91C56AC-3726-4840-A6F1-35BC5D2273C1}.AppStore|Any CPU.ActiveCfg = AppStore|iPhone
		{B91C56AC-3726-4840-A6F1-35BC5D2273C1}.AppStore|ARM.ActiveCfg = AppStore|iPhone
		{B91C56AC-3726-4840-A6F1-35BC5D2273C1}.AppStore|iPhone.ActiveCfg = AppStore|iPhone
		{B91C56AC-3726-4840-A6F1-35BC5D2273C1}.AppStore|iPhone.Build.0 = AppStore|iPhone
		{B91C56AC-3726-4840-A6F1-35BC5D2273C1}.AppStore|iPhoneSimulator.ActiveCfg = AppStore|iPhoneSimulator
		{B91C56AC-3726-4840-A6F1-35BC5D2273C1}.AppStore|iPhoneSimulator.Build.0 = AppStore|iPhoneSimulator
		{B91C56AC-3726-4840-A6F1-35BC5D2273C1}.AppStore|x64.ActiveCfg = AppStore|iPhone
		{B91C56AC-3726-4840-A6F1-35BC5D2273C1}.AppStore|x86.ActiveCfg = AppStore|iPhone
		{B91C56AC-3726-4840-A6F1-35BC5D2273C1}.Debug|Any CPU.ActiveCfg = Debug|iPhone
		{B91C56AC-3726-4840-A6F1-35BC5D2273C1}.Debug|ARM.ActiveCfg = Debug|iPhone
		{B91C56AC-3726-4840-A6F1-35BC5D2273C1}.Debug|iPhone.ActiveCfg = Debug|iPhone
		{B91C56AC-3726-4840-A6F1-35BC5D2273C1}.Debug|iPhone.Build.0 = Debug|iPhone
		{B91C56AC-3726-4840-A6F1-35BC5D2273C1}.Debug|iPhoneSimulator.ActiveCfg = Debug|iPhoneSimulator
		{B91C56AC-3726-4840-A6F1-35BC5D2273C1}.Debug|iPhoneSimulator.Build.0 = Debug|iPhoneSimulator
		{B91C56AC-3726-4840-A6F1-35BC5D2273C1}.Debug|x64.ActiveCfg = Debug|iPhone
		{B91C56AC-3726-4840-A6F1-35BC5D2273C1}.Debug|x86.ActiveCfg = Debug|iPhone
		{B91C56AC-3726-4840-A6F1-35BC5D2273C1}.Release|Any CPU.ActiveCfg = Release|iPhone
		{B91C56AC-3726-4840-A6F1-35BC5D2273C1}.Release|ARM.ActiveCfg = Release|iPhone
		{B91C56AC-3726-4840-A6F1-35BC5D2273C1}.Release|iPhone.ActiveCfg = Release|iPhone
		{B91C56AC-3726-4840-A6F1-35BC5D2273C1}.Release|iPhone.Build.0 = Release|iPhone
		{B91C56AC-3726-4840-A6F1-35BC5D2273C1}.Release|iPhoneSimulator.ActiveCfg = Release|iPhoneSimulator
		{B91C56AC-3726-4840-A6F1-35BC5D2273C1}.Release|iPhoneSimulator.Build.0 = Release|iPhoneSimulator
		{B91C56AC-3726-4840-A6F1-35BC5D2273C1}.Release|x64.ActiveCfg = Release|iPhone
		{B91C56AC-3726-4840-A6F1-35BC5D2273C1}.Release|x86.ActiveCfg = Release|iPhone
		{079D12AA-F361-4990-BFDB-E1A9A897A367}.Ad-Hoc|Any CPU.ActiveCfg = Release|Any CPU
		{079D12AA-F361-4990-BFDB-E1A9A897A367}.Ad-Hoc|Any CPU.Build.0 = Release|Any CPU
		{079D12AA-F361-4990-BFDB-E1A9A897A367}.Ad-Hoc|Any CPU.Deploy.0 = Release|Any CPU
		{079D12AA-F361-4990-BFDB-E1A9A897A367}.Ad-Hoc|ARM.ActiveCfg = Release|ARM
		{079D12AA-F361-4990-BFDB-E1A9A897A367}.Ad-Hoc|ARM.Build.0 = Release|ARM
		{079D12AA-F361-4990-BFDB-E1A9A897A367}.Ad-Hoc|ARM.Deploy.0 = Release|ARM
		{079D12AA-F361-4990-BFDB-E1A9A897A367}.Ad-Hoc|iPhone.ActiveCfg = Release|Any CPU
		{079D12AA-F361-4990-BFDB-E1A9A897A367}.Ad-Hoc|iPhone.Build.0 = Release|Any CPU
		{079D12AA-F361-4990-BFDB-E1A9A897A367}.Ad-Hoc|iPhone.Deploy.0 = Release|Any CPU
		{079D12AA-F361-4990-BFDB-E1A9A897A367}.Ad-Hoc|iPhoneSimulator.ActiveCfg = Release|Any CPU
		{079D12AA-F361-4990-BFDB-E1A9A897A367}.Ad-Hoc|iPhoneSimulator.Build.0 = Release|Any CPU
		{079D12AA-F361-4990-BFDB-E1A9A897A367}.Ad-Hoc|iPhoneSimulator.Deploy.0 = Release|Any CPU
		{079D12AA-F361-4990-BFDB-E1A9A897A367}.Ad-Hoc|x64.ActiveCfg = Release|Any CPU
		{079D12AA-F361-4990-BFDB-E1A9A897A367}.Ad-Hoc|x64.Build.0 = Release|Any CPU
		{079D12AA-F361-4990-BFDB-E1A9A897A367}.Ad-Hoc|x64.Deploy.0 = Release|Any CPU
		{079D12AA-F361-4990-BFDB-E1A9A897A367}.Ad-Hoc|x86.ActiveCfg = Release|x86
		{079D12AA-F361-4990-BFDB-E1A9A897A367}.Ad-Hoc|x86.Build.0 = Release|x86
		{079D12AA-F361-4990-BFDB-E1A9A897A367}.Ad-Hoc|x86.Deploy.0 = Release|x86
		{079D12AA-F361-4990-BFDB-E1A9A897A367}.AppStore|Any CPU.ActiveCfg = Release|Any CPU
		{079D12AA-F361-4990-BFDB-E1A9A897A367}.AppStore|Any CPU.Build.0 = Release|Any CPU
		{079D12AA-F361-4990-BFDB-E1A9A897A367}.AppStore|Any CPU.Deploy.0 = Release|Any CPU
		{079D12AA-F361-4990-BFDB-E1A9A897A367}.AppStore|ARM.ActiveCfg = Release|ARM
		{079D12AA-F361-4990-BFDB-E1A9A897A367}.AppStore|ARM.Build.0 = Release|ARM
		{079D12AA-F361-4990-BFDB-E1A9A897A367}.AppStore|ARM.Deploy.0 = Release|ARM
		{079D12AA-F361-4990-BFDB-E1A9A897A367}.AppStore|iPhone.ActiveCfg = Release|Any CPU
		{079D12AA-F361-4990-BFDB-E1A9A897A367}.AppStore|iPhone.Build.0 = Release|Any CPU
		{079D12AA-F361-4990-BFDB-E1A9A897A367}.AppStore|iPhone.Deploy.0 = Release|Any CPU
		{079D12AA-F361-4990-BFDB-E1A9A897A367}.AppStore|iPhoneSimulator.ActiveCfg = Release|Any CPU
		{079D12AA-F361-4990-BFDB-E1A9A897A367}.AppStore|iPhoneSimulator.Build.0 = Release|Any CPU
		{079D12AA-F361-4990-BFDB-E1A9A897A367}.AppStore|iPhoneSimulator.Deploy.0 = Release|Any CPU
		{079D12AA-F361-4990-BFDB-E1A9A897A367}.AppStore|x64.ActiveCfg = Release|Any CPU
		{079D12AA-F361-4990-BFDB-E1A9A897A367}.AppStore|x64.Build.0 = Release|Any CPU
		{079D12AA-F361-4990-BFDB-E1A9A897A367}.AppStore|x64.Deploy.0 = Release|Any CPU
		{079D12AA-F361-4990-BFDB-E1A9A897A367}.AppStore|x86.ActiveCfg = Release|x86
		{079D12AA-F361-4990-BFDB-E1A9A897A367}.AppStore|x86.Build.0 = Release|x86
		{079D12AA-F361-4990-BFDB-E1A9A897A367}.AppStore|x86.Deploy.0 = Release|x86
		{079D12AA-F361-4990-BFDB-E1A9A897A367}.Debug|Any CPU.ActiveCfg = Debug|Any CPU
		{079D12AA-F361-4990-BFDB-E1A9A897A367}.Debug|Any CPU.Build.0 = Debug|Any CPU
		{079D12AA-F361-4990-BFDB-E1A9A897A367}.Debug|Any CPU.Deploy.0 = Debug|Any CPU
		{079D12AA-F361-4990-BFDB-E1A9A897A367}.Debug|ARM.ActiveCfg = Debug|ARM
		{079D12AA-F361-4990-BFDB-E1A9A897A367}.Debug|ARM.Build.0 = Debug|ARM
		{079D12AA-F361-4990-BFDB-E1A9A897A367}.Debug|ARM.Deploy.0 = Debug|ARM
		{079D12AA-F361-4990-BFDB-E1A9A897A367}.Debug|iPhone.ActiveCfg = Debug|Any CPU
		{079D12AA-F361-4990-BFDB-E1A9A897A367}.Debug|iPhone.Build.0 = Debug|Any CPU
		{079D12AA-F361-4990-BFDB-E1A9A897A367}.Debug|iPhone.Deploy.0 = Debug|Any CPU
		{079D12AA-F361-4990-BFDB-E1A9A897A367}.Debug|iPhoneSimulator.ActiveCfg = Debug|Any CPU
		{079D12AA-F361-4990-BFDB-E1A9A897A367}.Debug|iPhoneSimulator.Build.0 = Debug|Any CPU
		{079D12AA-F361-4990-BFDB-E1A9A897A367}.Debug|iPhoneSimulator.Deploy.0 = Debug|Any CPU
		{079D12AA-F361-4990-BFDB-E1A9A897A367}.Debug|x64.ActiveCfg = Debug|Any CPU
		{079D12AA-F361-4990-BFDB-E1A9A897A367}.Debug|x64.Build.0 = Debug|Any CPU
		{079D12AA-F361-4990-BFDB-E1A9A897A367}.Debug|x64.Deploy.0 = Debug|Any CPU
		{079D12AA-F361-4990-BFDB-E1A9A897A367}.Debug|x86.ActiveCfg = Debug|x86
		{079D12AA-F361-4990-BFDB-E1A9A897A367}.Debug|x86.Build.0 = Debug|x86
		{079D12AA-F361-4990-BFDB-E1A9A897A367}.Debug|x86.Deploy.0 = Debug|x86
		{079D12AA-F361-4990-BFDB-E1A9A897A367}.Release|Any CPU.ActiveCfg = Release|Any CPU
		{079D12AA-F361-4990-BFDB-E1A9A897A367}.Release|Any CPU.Build.0 = Release|Any CPU
		{079D12AA-F361-4990-BFDB-E1A9A897A367}.Release|Any CPU.Deploy.0 = Release|Any CPU
		{079D12AA-F361-4990-BFDB-E1A9A897A367}.Release|ARM.ActiveCfg = Release|ARM
		{079D12AA-F361-4990-BFDB-E1A9A897A367}.Release|ARM.Build.0 = Release|ARM
		{079D12AA-F361-4990-BFDB-E1A9A897A367}.Release|ARM.Deploy.0 = Release|ARM
		{079D12AA-F361-4990-BFDB-E1A9A897A367}.Release|iPhone.ActiveCfg = Release|Any CPU
		{079D12AA-F361-4990-BFDB-E1A9A897A367}.Release|iPhone.Build.0 = Release|Any CPU
		{079D12AA-F361-4990-BFDB-E1A9A897A367}.Release|iPhone.Deploy.0 = Release|Any CPU
		{079D12AA-F361-4990-BFDB-E1A9A897A367}.Release|iPhoneSimulator.ActiveCfg = Release|Any CPU
		{079D12AA-F361-4990-BFDB-E1A9A897A367}.Release|iPhoneSimulator.Build.0 = Release|Any CPU
		{079D12AA-F361-4990-BFDB-E1A9A897A367}.Release|iPhoneSimulator.Deploy.0 = Release|Any CPU
		{079D12AA-F361-4990-BFDB-E1A9A897A367}.Release|x64.ActiveCfg = Release|Any CPU
		{079D12AA-F361-4990-BFDB-E1A9A897A367}.Release|x64.Build.0 = Release|Any CPU
		{079D12AA-F361-4990-BFDB-E1A9A897A367}.Release|x64.Deploy.0 = Release|Any CPU
		{079D12AA-F361-4990-BFDB-E1A9A897A367}.Release|x86.ActiveCfg = Release|x86
		{079D12AA-F361-4990-BFDB-E1A9A897A367}.Release|x86.Build.0 = Release|x86
		{079D12AA-F361-4990-BFDB-E1A9A897A367}.Release|x86.Deploy.0 = Release|x86
		{E014AE52-F0A6-4C0F-8AA1-8058613FF9DF}.Ad-Hoc|Any CPU.ActiveCfg = Release|x86
		{E014AE52-F0A6-4C0F-8AA1-8058613FF9DF}.Ad-Hoc|Any CPU.Build.0 = Release|x86
		{E014AE52-F0A6-4C0F-8AA1-8058613FF9DF}.Ad-Hoc|Any CPU.Deploy.0 = Release|x86
		{E014AE52-F0A6-4C0F-8AA1-8058613FF9DF}.Ad-Hoc|ARM.ActiveCfg = Release|ARM
		{E014AE52-F0A6-4C0F-8AA1-8058613FF9DF}.Ad-Hoc|ARM.Build.0 = Release|ARM
		{E014AE52-F0A6-4C0F-8AA1-8058613FF9DF}.Ad-Hoc|ARM.Deploy.0 = Release|ARM
		{E014AE52-F0A6-4C0F-8AA1-8058613FF9DF}.Ad-Hoc|iPhone.ActiveCfg = Release|x86
		{E014AE52-F0A6-4C0F-8AA1-8058613FF9DF}.Ad-Hoc|iPhone.Build.0 = Release|x86
		{E014AE52-F0A6-4C0F-8AA1-8058613FF9DF}.Ad-Hoc|iPhone.Deploy.0 = Release|x86
		{E014AE52-F0A6-4C0F-8AA1-8058613FF9DF}.Ad-Hoc|iPhoneSimulator.ActiveCfg = Release|x86
		{E014AE52-F0A6-4C0F-8AA1-8058613FF9DF}.Ad-Hoc|iPhoneSimulator.Build.0 = Release|x86
		{E014AE52-F0A6-4C0F-8AA1-8058613FF9DF}.Ad-Hoc|iPhoneSimulator.Deploy.0 = Release|x86
		{E014AE52-F0A6-4C0F-8AA1-8058613FF9DF}.Ad-Hoc|x64.ActiveCfg = Release|x64
		{E014AE52-F0A6-4C0F-8AA1-8058613FF9DF}.Ad-Hoc|x64.Build.0 = Release|x64
		{E014AE52-F0A6-4C0F-8AA1-8058613FF9DF}.Ad-Hoc|x64.Deploy.0 = Release|x64
		{E014AE52-F0A6-4C0F-8AA1-8058613FF9DF}.Ad-Hoc|x86.ActiveCfg = Release|x86
		{E014AE52-F0A6-4C0F-8AA1-8058613FF9DF}.Ad-Hoc|x86.Build.0 = Release|x86
		{E014AE52-F0A6-4C0F-8AA1-8058613FF9DF}.Ad-Hoc|x86.Deploy.0 = Release|x86
		{E014AE52-F0A6-4C0F-8AA1-8058613FF9DF}.AppStore|Any CPU.ActiveCfg = Release|x86
		{E014AE52-F0A6-4C0F-8AA1-8058613FF9DF}.AppStore|Any CPU.Build.0 = Release|x86
		{E014AE52-F0A6-4C0F-8AA1-8058613FF9DF}.AppStore|Any CPU.Deploy.0 = Release|x86
		{E014AE52-F0A6-4C0F-8AA1-8058613FF9DF}.AppStore|ARM.ActiveCfg = Release|ARM
		{E014AE52-F0A6-4C0F-8AA1-8058613FF9DF}.AppStore|ARM.Build.0 = Release|ARM
		{E014AE52-F0A6-4C0F-8AA1-8058613FF9DF}.AppStore|ARM.Deploy.0 = Release|ARM
		{E014AE52-F0A6-4C0F-8AA1-8058613FF9DF}.AppStore|iPhone.ActiveCfg = Release|x86
		{E014AE52-F0A6-4C0F-8AA1-8058613FF9DF}.AppStore|iPhone.Build.0 = Release|x86
		{E014AE52-F0A6-4C0F-8AA1-8058613FF9DF}.AppStore|iPhone.Deploy.0 = Release|x86
		{E014AE52-F0A6-4C0F-8AA1-8058613FF9DF}.AppStore|iPhoneSimulator.ActiveCfg = Release|x86
		{E014AE52-F0A6-4C0F-8AA1-8058613FF9DF}.AppStore|iPhoneSimulator.Build.0 = Release|x86
		{E014AE52-F0A6-4C0F-8AA1-8058613FF9DF}.AppStore|iPhoneSimulator.Deploy.0 = Release|x86
		{E014AE52-F0A6-4C0F-8AA1-8058613FF9DF}.AppStore|x64.ActiveCfg = Release|x64
		{E014AE52-F0A6-4C0F-8AA1-8058613FF9DF}.AppStore|x64.Build.0 = Release|x64
		{E014AE52-F0A6-4C0F-8AA1-8058613FF9DF}.AppStore|x64.Deploy.0 = Release|x64
		{E014AE52-F0A6-4C0F-8AA1-8058613FF9DF}.AppStore|x86.ActiveCfg = Release|x86
		{E014AE52-F0A6-4C0F-8AA1-8058613FF9DF}.AppStore|x86.Build.0 = Release|x86
		{E014AE52-F0A6-4C0F-8AA1-8058613FF9DF}.AppStore|x86.Deploy.0 = Release|x86
		{E014AE52-F0A6-4C0F-8AA1-8058613FF9DF}.Debug|Any CPU.ActiveCfg = Debug|x86
		{E014AE52-F0A6-4C0F-8AA1-8058613FF9DF}.Debug|ARM.ActiveCfg = Debug|ARM
		{E014AE52-F0A6-4C0F-8AA1-8058613FF9DF}.Debug|ARM.Build.0 = Debug|ARM
		{E014AE52-F0A6-4C0F-8AA1-8058613FF9DF}.Debug|ARM.Deploy.0 = Debug|ARM
		{E014AE52-F0A6-4C0F-8AA1-8058613FF9DF}.Debug|iPhone.ActiveCfg = Debug|x86
		{E014AE52-F0A6-4C0F-8AA1-8058613FF9DF}.Debug|iPhoneSimulator.ActiveCfg = Debug|x86
		{E014AE52-F0A6-4C0F-8AA1-8058613FF9DF}.Debug|x64.ActiveCfg = Debug|x64
		{E014AE52-F0A6-4C0F-8AA1-8058613FF9DF}.Debug|x64.Build.0 = Debug|x64
		{E014AE52-F0A6-4C0F-8AA1-8058613FF9DF}.Debug|x64.Deploy.0 = Debug|x64
		{E014AE52-F0A6-4C0F-8AA1-8058613FF9DF}.Debug|x86.ActiveCfg = Debug|x86
		{E014AE52-F0A6-4C0F-8AA1-8058613FF9DF}.Debug|x86.Build.0 = Debug|x86
		{E014AE52-F0A6-4C0F-8AA1-8058613FF9DF}.Debug|x86.Deploy.0 = Debug|x86
		{E014AE52-F0A6-4C0F-8AA1-8058613FF9DF}.Release|Any CPU.ActiveCfg = Release|x86
		{E014AE52-F0A6-4C0F-8AA1-8058613FF9DF}.Release|ARM.ActiveCfg = Release|ARM
		{E014AE52-F0A6-4C0F-8AA1-8058613FF9DF}.Release|ARM.Build.0 = Release|ARM
		{E014AE52-F0A6-4C0F-8AA1-8058613FF9DF}.Release|ARM.Deploy.0 = Release|ARM
		{E014AE52-F0A6-4C0F-8AA1-8058613FF9DF}.Release|iPhone.ActiveCfg = Release|x86
		{E014AE52-F0A6-4C0F-8AA1-8058613FF9DF}.Release|iPhoneSimulator.ActiveCfg = Release|x86
		{E014AE52-F0A6-4C0F-8AA1-8058613FF9DF}.Release|x64.ActiveCfg = Release|x64
		{E014AE52-F0A6-4C0F-8AA1-8058613FF9DF}.Release|x64.Build.0 = Release|x64
		{E014AE52-F0A6-4C0F-8AA1-8058613FF9DF}.Release|x64.Deploy.0 = Release|x64
		{E014AE52-F0A6-4C0F-8AA1-8058613FF9DF}.Release|x86.ActiveCfg = Release|x86
		{E014AE52-F0A6-4C0F-8AA1-8058613FF9DF}.Release|x86.Build.0 = Release|x86
		{E014AE52-F0A6-4C0F-8AA1-8058613FF9DF}.Release|x86.Deploy.0 = Release|x86
		{EC24D166-DBD8-47FA-A355-F419D7F4231B}.Ad-Hoc|Any CPU.ActiveCfg = Release|Any CPU
		{EC24D166-DBD8-47FA-A355-F419D7F4231B}.Ad-Hoc|Any CPU.Build.0 = Release|Any CPU
		{EC24D166-DBD8-47FA-A355-F419D7F4231B}.Ad-Hoc|Any CPU.Deploy.0 = Release|Any CPU
		{EC24D166-DBD8-47FA-A355-F419D7F4231B}.Ad-Hoc|ARM.ActiveCfg = Release|ARM
		{EC24D166-DBD8-47FA-A355-F419D7F4231B}.Ad-Hoc|ARM.Build.0 = Release|ARM
		{EC24D166-DBD8-47FA-A355-F419D7F4231B}.Ad-Hoc|ARM.Deploy.0 = Release|ARM
		{EC24D166-DBD8-47FA-A355-F419D7F4231B}.Ad-Hoc|iPhone.ActiveCfg = Release|Any CPU
		{EC24D166-DBD8-47FA-A355-F419D7F4231B}.Ad-Hoc|iPhone.Build.0 = Release|Any CPU
		{EC24D166-DBD8-47FA-A355-F419D7F4231B}.Ad-Hoc|iPhone.Deploy.0 = Release|Any CPU
		{EC24D166-DBD8-47FA-A355-F419D7F4231B}.Ad-Hoc|iPhoneSimulator.ActiveCfg = Release|Any CPU
		{EC24D166-DBD8-47FA-A355-F419D7F4231B}.Ad-Hoc|iPhoneSimulator.Build.0 = Release|Any CPU
		{EC24D166-DBD8-47FA-A355-F419D7F4231B}.Ad-Hoc|iPhoneSimulator.Deploy.0 = Release|Any CPU
		{EC24D166-DBD8-47FA-A355-F419D7F4231B}.Ad-Hoc|x64.ActiveCfg = Release|x64
		{EC24D166-DBD8-47FA-A355-F419D7F4231B}.Ad-Hoc|x64.Build.0 = Release|x64
		{EC24D166-DBD8-47FA-A355-F419D7F4231B}.Ad-Hoc|x64.Deploy.0 = Release|x64
		{EC24D166-DBD8-47FA-A355-F419D7F4231B}.Ad-Hoc|x86.ActiveCfg = Release|x86
		{EC24D166-DBD8-47FA-A355-F419D7F4231B}.Ad-Hoc|x86.Build.0 = Release|x86
		{EC24D166-DBD8-47FA-A355-F419D7F4231B}.Ad-Hoc|x86.Deploy.0 = Release|x86
		{EC24D166-DBD8-47FA-A355-F419D7F4231B}.AppStore|Any CPU.ActiveCfg = Release|Any CPU
		{EC24D166-DBD8-47FA-A355-F419D7F4231B}.AppStore|Any CPU.Build.0 = Release|Any CPU
		{EC24D166-DBD8-47FA-A355-F419D7F4231B}.AppStore|Any CPU.Deploy.0 = Release|Any CPU
		{EC24D166-DBD8-47FA-A355-F419D7F4231B}.AppStore|ARM.ActiveCfg = Release|ARM
		{EC24D166-DBD8-47FA-A355-F419D7F4231B}.AppStore|ARM.Build.0 = Release|ARM
		{EC24D166-DBD8-47FA-A355-F419D7F4231B}.AppStore|ARM.Deploy.0 = Release|ARM
		{EC24D166-DBD8-47FA-A355-F419D7F4231B}.AppStore|iPhone.ActiveCfg = Release|Any CPU
		{EC24D166-DBD8-47FA-A355-F419D7F4231B}.AppStore|iPhone.Build.0 = Release|Any CPU
		{EC24D166-DBD8-47FA-A355-F419D7F4231B}.AppStore|iPhone.Deploy.0 = Release|Any CPU
		{EC24D166-DBD8-47FA-A355-F419D7F4231B}.AppStore|iPhoneSimulator.ActiveCfg = Release|Any CPU
		{EC24D166-DBD8-47FA-A355-F419D7F4231B}.AppStore|iPhoneSimulator.Build.0 = Release|Any CPU
		{EC24D166-DBD8-47FA-A355-F419D7F4231B}.AppStore|iPhoneSimulator.Deploy.0 = Release|Any CPU
		{EC24D166-DBD8-47FA-A355-F419D7F4231B}.AppStore|x64.ActiveCfg = Release|x64
		{EC24D166-DBD8-47FA-A355-F419D7F4231B}.AppStore|x64.Build.0 = Release|x64
		{EC24D166-DBD8-47FA-A355-F419D7F4231B}.AppStore|x64.Deploy.0 = Release|x64
		{EC24D166-DBD8-47FA-A355-F419D7F4231B}.AppStore|x86.ActiveCfg = Release|x86
		{EC24D166-DBD8-47FA-A355-F419D7F4231B}.AppStore|x86.Build.0 = Release|x86
		{EC24D166-DBD8-47FA-A355-F419D7F4231B}.AppStore|x86.Deploy.0 = Release|x86
		{EC24D166-DBD8-47FA-A355-F419D7F4231B}.Debug|Any CPU.ActiveCfg = Debug|Any CPU
		{EC24D166-DBD8-47FA-A355-F419D7F4231B}.Debug|Any CPU.Build.0 = Debug|Any CPU
		{EC24D166-DBD8-47FA-A355-F419D7F4231B}.Debug|Any CPU.Deploy.0 = Debug|Any CPU
		{EC24D166-DBD8-47FA-A355-F419D7F4231B}.Debug|ARM.ActiveCfg = Debug|ARM
		{EC24D166-DBD8-47FA-A355-F419D7F4231B}.Debug|ARM.Build.0 = Debug|ARM
		{EC24D166-DBD8-47FA-A355-F419D7F4231B}.Debug|ARM.Deploy.0 = Debug|ARM
		{EC24D166-DBD8-47FA-A355-F419D7F4231B}.Debug|iPhone.ActiveCfg = Debug|Any CPU
		{EC24D166-DBD8-47FA-A355-F419D7F4231B}.Debug|iPhone.Build.0 = Debug|Any CPU
		{EC24D166-DBD8-47FA-A355-F419D7F4231B}.Debug|iPhone.Deploy.0 = Debug|Any CPU
		{EC24D166-DBD8-47FA-A355-F419D7F4231B}.Debug|iPhoneSimulator.ActiveCfg = Debug|Any CPU
		{EC24D166-DBD8-47FA-A355-F419D7F4231B}.Debug|iPhoneSimulator.Build.0 = Debug|Any CPU
		{EC24D166-DBD8-47FA-A355-F419D7F4231B}.Debug|iPhoneSimulator.Deploy.0 = Debug|Any CPU
		{EC24D166-DBD8-47FA-A355-F419D7F4231B}.Debug|x64.ActiveCfg = Debug|x64
		{EC24D166-DBD8-47FA-A355-F419D7F4231B}.Debug|x64.Build.0 = Debug|x64
		{EC24D166-DBD8-47FA-A355-F419D7F4231B}.Debug|x64.Deploy.0 = Debug|x64
		{EC24D166-DBD8-47FA-A355-F419D7F4231B}.Debug|x86.ActiveCfg = Debug|x86
		{EC24D166-DBD8-47FA-A355-F419D7F4231B}.Debug|x86.Build.0 = Debug|x86
		{EC24D166-DBD8-47FA-A355-F419D7F4231B}.Debug|x86.Deploy.0 = Debug|x86
		{EC24D166-DBD8-47FA-A355-F419D7F4231B}.Release|Any CPU.ActiveCfg = Release|Any CPU
		{EC24D166-DBD8-47FA-A355-F419D7F4231B}.Release|Any CPU.Build.0 = Release|Any CPU
		{EC24D166-DBD8-47FA-A355-F419D7F4231B}.Release|Any CPU.Deploy.0 = Release|Any CPU
		{EC24D166-DBD8-47FA-A355-F419D7F4231B}.Release|ARM.ActiveCfg = Release|ARM
		{EC24D166-DBD8-47FA-A355-F419D7F4231B}.Release|ARM.Build.0 = Release|ARM
		{EC24D166-DBD8-47FA-A355-F419D7F4231B}.Release|ARM.Deploy.0 = Release|ARM
		{EC24D166-DBD8-47FA-A355-F419D7F4231B}.Release|iPhone.ActiveCfg = Release|Any CPU
		{EC24D166-DBD8-47FA-A355-F419D7F4231B}.Release|iPhone.Build.0 = Release|Any CPU
		{EC24D166-DBD8-47FA-A355-F419D7F4231B}.Release|iPhone.Deploy.0 = Release|Any CPU
		{EC24D166-DBD8-47FA-A355-F419D7F4231B}.Release|iPhoneSimulator.ActiveCfg = Release|Any CPU
		{EC24D166-DBD8-47FA-A355-F419D7F4231B}.Release|iPhoneSimulator.Build.0 = Release|Any CPU
		{EC24D166-DBD8-47FA-A355-F419D7F4231B}.Release|iPhoneSimulator.Deploy.0 = Release|Any CPU
		{EC24D166-DBD8-47FA-A355-F419D7F4231B}.Release|x64.ActiveCfg = Release|x64
		{EC24D166-DBD8-47FA-A355-F419D7F4231B}.Release|x64.Build.0 = Release|x64
		{EC24D166-DBD8-47FA-A355-F419D7F4231B}.Release|x64.Deploy.0 = Release|x64
		{EC24D166-DBD8-47FA-A355-F419D7F4231B}.Release|x86.ActiveCfg = Release|x86
		{EC24D166-DBD8-47FA-A355-F419D7F4231B}.Release|x86.Build.0 = Release|x86
		{EC24D166-DBD8-47FA-A355-F419D7F4231B}.Release|x86.Deploy.0 = Release|x86
		{00FA9AC9-61DA-4DBF-B9A4-C751025D45F6}.Ad-Hoc|Any CPU.ActiveCfg = Release|Any CPU
		{00FA9AC9-61DA-4DBF-B9A4-C751025D45F6}.Ad-Hoc|Any CPU.Build.0 = Release|Any CPU
		{00FA9AC9-61DA-4DBF-B9A4-C751025D45F6}.Ad-Hoc|ARM.ActiveCfg = Release|Any CPU
		{00FA9AC9-61DA-4DBF-B9A4-C751025D45F6}.Ad-Hoc|ARM.Build.0 = Release|Any CPU
		{00FA9AC9-61DA-4DBF-B9A4-C751025D45F6}.Ad-Hoc|iPhone.ActiveCfg = Release|Any CPU
		{00FA9AC9-61DA-4DBF-B9A4-C751025D45F6}.Ad-Hoc|iPhone.Build.0 = Release|Any CPU
		{00FA9AC9-61DA-4DBF-B9A4-C751025D45F6}.Ad-Hoc|iPhoneSimulator.ActiveCfg = Release|Any CPU
		{00FA9AC9-61DA-4DBF-B9A4-C751025D45F6}.Ad-Hoc|iPhoneSimulator.Build.0 = Release|Any CPU
		{00FA9AC9-61DA-4DBF-B9A4-C751025D45F6}.Ad-Hoc|x64.ActiveCfg = Release|Any CPU
		{00FA9AC9-61DA-4DBF-B9A4-C751025D45F6}.Ad-Hoc|x64.Build.0 = Release|Any CPU
		{00FA9AC9-61DA-4DBF-B9A4-C751025D45F6}.Ad-Hoc|x86.ActiveCfg = Release|Any CPU
		{00FA9AC9-61DA-4DBF-B9A4-C751025D45F6}.Ad-Hoc|x86.Build.0 = Release|Any CPU
		{00FA9AC9-61DA-4DBF-B9A4-C751025D45F6}.AppStore|Any CPU.ActiveCfg = Release|Any CPU
		{00FA9AC9-61DA-4DBF-B9A4-C751025D45F6}.AppStore|Any CPU.Build.0 = Release|Any CPU
		{00FA9AC9-61DA-4DBF-B9A4-C751025D45F6}.AppStore|ARM.ActiveCfg = Release|Any CPU
		{00FA9AC9-61DA-4DBF-B9A4-C751025D45F6}.AppStore|ARM.Build.0 = Release|Any CPU
		{00FA9AC9-61DA-4DBF-B9A4-C751025D45F6}.AppStore|iPhone.ActiveCfg = Release|Any CPU
		{00FA9AC9-61DA-4DBF-B9A4-C751025D45F6}.AppStore|iPhone.Build.0 = Release|Any CPU
		{00FA9AC9-61DA-4DBF-B9A4-C751025D45F6}.AppStore|iPhoneSimulator.ActiveCfg = Release|Any CPU
		{00FA9AC9-61DA-4DBF-B9A4-C751025D45F6}.AppStore|iPhoneSimulator.Build.0 = Release|Any CPU
		{00FA9AC9-61DA-4DBF-B9A4-C751025D45F6}.AppStore|x64.ActiveCfg = Release|Any CPU
		{00FA9AC9-61DA-4DBF-B9A4-C751025D45F6}.AppStore|x64.Build.0 = Release|Any CPU
		{00FA9AC9-61DA-4DBF-B9A4-C751025D45F6}.AppStore|x86.ActiveCfg = Release|Any CPU
		{00FA9AC9-61DA-4DBF-B9A4-C751025D45F6}.AppStore|x86.Build.0 = Release|Any CPU
		{00FA9AC9-61DA-4DBF-B9A4-C751025D45F6}.Debug|Any CPU.ActiveCfg = Debug|Any CPU
		{00FA9AC9-61DA-4DBF-B9A4-C751025D45F6}.Debug|Any CPU.Build.0 = Debug|Any CPU
		{00FA9AC9-61DA-4DBF-B9A4-C751025D45F6}.Debug|ARM.ActiveCfg = Debug|Any CPU
		{00FA9AC9-61DA-4DBF-B9A4-C751025D45F6}.Debug|ARM.Build.0 = Debug|Any CPU
		{00FA9AC9-61DA-4DBF-B9A4-C751025D45F6}.Debug|iPhone.ActiveCfg = Debug|Any CPU
		{00FA9AC9-61DA-4DBF-B9A4-C751025D45F6}.Debug|iPhone.Build.0 = Debug|Any CPU
		{00FA9AC9-61DA-4DBF-B9A4-C751025D45F6}.Debug|iPhoneSimulator.ActiveCfg = Debug|Any CPU
		{00FA9AC9-61DA-4DBF-B9A4-C751025D45F6}.Debug|iPhoneSimulator.Build.0 = Debug|Any CPU
		{00FA9AC9-61DA-4DBF-B9A4-C751025D45F6}.Debug|x64.ActiveCfg = Debug|Any CPU
		{00FA9AC9-61DA-4DBF-B9A4-C751025D45F6}.Debug|x64.Build.0 = Debug|Any CPU
		{00FA9AC9-61DA-4DBF-B9A4-C751025D45F6}.Debug|x86.ActiveCfg = Debug|Any CPU
		{00FA9AC9-61DA-4DBF-B9A4-C751025D45F6}.Debug|x86.Build.0 = Debug|Any CPU
		{00FA9AC9-61DA-4DBF-B9A4-C751025D45F6}.Release|Any CPU.ActiveCfg = Release|Any CPU
		{00FA9AC9-61DA-4DBF-B9A4-C751025D45F6}.Release|Any CPU.Build.0 = Release|Any CPU
		{00FA9AC9-61DA-4DBF-B9A4-C751025D45F6}.Release|ARM.ActiveCfg = Release|Any CPU
		{00FA9AC9-61DA-4DBF-B9A4-C751025D45F6}.Release|ARM.Build.0 = Release|Any CPU
		{00FA9AC9-61DA-4DBF-B9A4-C751025D45F6}.Release|iPhone.ActiveCfg = Release|Any CPU
		{00FA9AC9-61DA-4DBF-B9A4-C751025D45F6}.Release|iPhone.Build.0 = Release|Any CPU
		{00FA9AC9-61DA-4DBF-B9A4-C751025D45F6}.Release|iPhoneSimulator.ActiveCfg = Release|Any CPU
		{00FA9AC9-61DA-4DBF-B9A4-C751025D45F6}.Release|iPhoneSimulator.Build.0 = Release|Any CPU
		{00FA9AC9-61DA-4DBF-B9A4-C751025D45F6}.Release|x64.ActiveCfg = Release|Any CPU
		{00FA9AC9-61DA-4DBF-B9A4-C751025D45F6}.Release|x64.Build.0 = Release|Any CPU
		{00FA9AC9-61DA-4DBF-B9A4-C751025D45F6}.Release|x86.ActiveCfg = Release|Any CPU
		{00FA9AC9-61DA-4DBF-B9A4-C751025D45F6}.Release|x86.Build.0 = Release|Any CPU
	EndGlobalSection
	GlobalSection(SolutionProperties) = preSolution
		HideSolutionNode = FALSE
	EndGlobalSection
EndGlobal
